// !$*UTF8*$!
{
	archiveVersion = 1;
	classes = {
	};
	objectVersion = 55;
	objects = {

/* Begin PBXBuildFile section */
		340BFAC82A0E367B00BAD4CB /* Kingfisher in Frameworks */ = {isa = PBXBuildFile; productRef = 340BFAC72A0E367B00BAD4CB /* Kingfisher */; };
		341BD2C42A09DBBE007B6474 /* AppListView.swift in Sources */ = {isa = PBXBuildFile; fileRef = 341BD2C32A09DBBE007B6474 /* AppListView.swift */; };
		341BD2C62A09DBEC007B6474 /* AppDetailView.swift in Sources */ = {isa = PBXBuildFile; fileRef = 341BD2C52A09DBEC007B6474 /* AppDetailView.swift */; };
		341BD2C92A09DDE4007B6474 /* ASNetworking in Frameworks */ = {isa = PBXBuildFile; productRef = 341BD2C82A09DDE4007B6474 /* ASNetworking */; };
		341BD2CF2A09DE26007B6474 /* Preferences.swift in Sources */ = {isa = PBXBuildFile; fileRef = 341BD2CB2A09DE26007B6474 /* Preferences.swift */; };
		341BD2D02A09DE26007B6474 /* TopAppsModel.swift in Sources */ = {isa = PBXBuildFile; fileRef = 341BD2CC2A09DE26007B6474 /* TopAppsModel.swift */; };
		341BD2D12A09DE26007B6474 /* API.swift in Sources */ = {isa = PBXBuildFile; fileRef = 341BD2CD2A09DE26007B6474 /* API.swift */; };
		341BD2D22A09DE26007B6474 /* Server.swift in Sources */ = {isa = PBXBuildFile; fileRef = 341BD2CE2A09DE26007B6474 /* Server.swift */; };
		341BD2D92A0A21D4007B6474 /* AppListViewModel.swift in Sources */ = {isa = PBXBuildFile; fileRef = 341BD2D82A0A21D4007B6474 /* AppListViewModel.swift */; };
		341BD2DB2A0A252F007B6474 /* ASNetworking+Combine.swift in Sources */ = {isa = PBXBuildFile; fileRef = 341BD2DA2A0A252F007B6474 /* ASNetworking+Combine.swift */; };
		341BD2E22A0A4664007B6474 /* AppListCell.swift in Sources */ = {isa = PBXBuildFile; fileRef = 341BD2E12A0A4664007B6474 /* AppListCell.swift */; };
		34A476A82858CA350023D30B /* TopAppsApp.swift in Sources */ = {isa = PBXBuildFile; fileRef = 34A476A72858CA350023D30B /* TopAppsApp.swift */; };
		34A476AA2858CA350023D30B /* ContentView.swift in Sources */ = {isa = PBXBuildFile; fileRef = 34A476A92858CA350023D30B /* ContentView.swift */; };
		34A476AC2858CA370023D30B /* Assets.xcassets in Resources */ = {isa = PBXBuildFile; fileRef = 34A476AB2858CA370023D30B /* Assets.xcassets */; };
		34A476AF2858CA370023D30B /* Preview Assets.xcassets in Resources */ = {isa = PBXBuildFile; fileRef = 34A476AE2858CA370023D30B /* Preview Assets.xcassets */; };
		34A476B92858CA370023D30B /* TopAppsTests.swift in Sources */ = {isa = PBXBuildFile; fileRef = 34A476B82858CA370023D30B /* TopAppsTests.swift */; };
		34A476C32858CA370023D30B /* TopAppsUITests.swift in Sources */ = {isa = PBXBuildFile; fileRef = 34A476C22858CA370023D30B /* TopAppsUITests.swift */; };
		34A476C52858CA370023D30B /* TopAppsUITestsLaunchTests.swift in Sources */ = {isa = PBXBuildFile; fileRef = 34A476C42858CA370023D30B /* TopAppsUITestsLaunchTests.swift */; };
/* End PBXBuildFile section */

/* Begin PBXContainerItemProxy section */
		34A476B52858CA370023D30B /* PBXContainerItemProxy */ = {
			isa = PBXContainerItemProxy;
			containerPortal = 34A4769C2858CA350023D30B /* Project object */;
			proxyType = 1;
			remoteGlobalIDString = 34A476A32858CA350023D30B;
			remoteInfo = TopApps;
		};
		34A476BF2858CA370023D30B /* PBXContainerItemProxy */ = {
			isa = PBXContainerItemProxy;
			containerPortal = 34A4769C2858CA350023D30B /* Project object */;
			proxyType = 1;
			remoteGlobalIDString = 34A476A32858CA350023D30B;
			remoteInfo = TopApps;
		};
/* End PBXContainerItemProxy section */

/* Begin PBXFileReference section */
		341BD2C32A09DBBE007B6474 /* AppListView.swift */ = {isa = PBXFileReference; lastKnownFileType = sourcecode.swift; path = AppListView.swift; sourceTree = "<group>"; };
		341BD2C52A09DBEC007B6474 /* AppDetailView.swift */ = {isa = PBXFileReference; lastKnownFileType = sourcecode.swift; path = AppDetailView.swift; sourceTree = "<group>"; };
		341BD2CB2A09DE26007B6474 /* Preferences.swift */ = {isa = PBXFileReference; fileEncoding = 4; lastKnownFileType = sourcecode.swift; path = Preferences.swift; sourceTree = "<group>"; };
		341BD2CC2A09DE26007B6474 /* TopAppsModel.swift */ = {isa = PBXFileReference; fileEncoding = 4; lastKnownFileType = sourcecode.swift; path = TopAppsModel.swift; sourceTree = "<group>"; };
		341BD2CD2A09DE26007B6474 /* API.swift */ = {isa = PBXFileReference; fileEncoding = 4; lastKnownFileType = sourcecode.swift; path = API.swift; sourceTree = "<group>"; };
		341BD2CE2A09DE26007B6474 /* Server.swift */ = {isa = PBXFileReference; fileEncoding = 4; lastKnownFileType = sourcecode.swift; path = Server.swift; sourceTree = "<group>"; };
		341BD2D82A0A21D4007B6474 /* AppListViewModel.swift */ = {isa = PBXFileReference; lastKnownFileType = sourcecode.swift; path = AppListViewModel.swift; sourceTree = "<group>"; };
		341BD2DA2A0A252F007B6474 /* ASNetworking+Combine.swift */ = {isa = PBXFileReference; lastKnownFileType = sourcecode.swift; path = "ASNetworking+Combine.swift"; sourceTree = "<group>"; };
		341BD2E12A0A4664007B6474 /* AppListCell.swift */ = {isa = PBXFileReference; lastKnownFileType = sourcecode.swift; path = AppListCell.swift; sourceTree = "<group>"; };
		34A476A42858CA350023D30B /* TopApps.app */ = {isa = PBXFileReference; explicitFileType = wrapper.application; includeInIndex = 0; path = TopApps.app; sourceTree = BUILT_PRODUCTS_DIR; };
		34A476A72858CA350023D30B /* TopAppsApp.swift */ = {isa = PBXFileReference; lastKnownFileType = sourcecode.swift; path = TopAppsApp.swift; sourceTree = "<group>"; };
		34A476A92858CA350023D30B /* ContentView.swift */ = {isa = PBXFileReference; lastKnownFileType = sourcecode.swift; path = ContentView.swift; sourceTree = "<group>"; };
		34A476AB2858CA370023D30B /* Assets.xcassets */ = {isa = PBXFileReference; lastKnownFileType = folder.assetcatalog; path = Assets.xcassets; sourceTree = "<group>"; };
		34A476AE2858CA370023D30B /* Preview Assets.xcassets */ = {isa = PBXFileReference; lastKnownFileType = folder.assetcatalog; path = "Preview Assets.xcassets"; sourceTree = "<group>"; };
		34A476B42858CA370023D30B /* TopAppsTests.xctest */ = {isa = PBXFileReference; explicitFileType = wrapper.cfbundle; includeInIndex = 0; path = TopAppsTests.xctest; sourceTree = BUILT_PRODUCTS_DIR; };
		34A476B82858CA370023D30B /* TopAppsTests.swift */ = {isa = PBXFileReference; lastKnownFileType = sourcecode.swift; path = TopAppsTests.swift; sourceTree = "<group>"; };
		34A476BE2858CA370023D30B /* TopAppsUITests.xctest */ = {isa = PBXFileReference; explicitFileType = wrapper.cfbundle; includeInIndex = 0; path = TopAppsUITests.xctest; sourceTree = BUILT_PRODUCTS_DIR; };
		34A476C22858CA370023D30B /* TopAppsUITests.swift */ = {isa = PBXFileReference; lastKnownFileType = sourcecode.swift; path = TopAppsUITests.swift; sourceTree = "<group>"; };
		34A476C42858CA370023D30B /* TopAppsUITestsLaunchTests.swift */ = {isa = PBXFileReference; lastKnownFileType = sourcecode.swift; path = TopAppsUITestsLaunchTests.swift; sourceTree = "<group>"; };
/* End PBXFileReference section */

/* Begin PBXFrameworksBuildPhase section */
		34A476A12858CA350023D30B /* Frameworks */ = {
			isa = PBXFrameworksBuildPhase;
			buildActionMask = 2147483647;
			files = (
				340BFAC82A0E367B00BAD4CB /* Kingfisher in Frameworks */,
				341BD2C92A09DDE4007B6474 /* ASNetworking in Frameworks */,
			);
			runOnlyForDeploymentPostprocessing = 0;
		};
		34A476B12858CA370023D30B /* Frameworks */ = {
			isa = PBXFrameworksBuildPhase;
			buildActionMask = 2147483647;
			files = (
			);
			runOnlyForDeploymentPostprocessing = 0;
		};
		34A476BB2858CA370023D30B /* Frameworks */ = {
			isa = PBXFrameworksBuildPhase;
			buildActionMask = 2147483647;
			files = (
			);
			runOnlyForDeploymentPostprocessing = 0;
		};
/* End PBXFrameworksBuildPhase section */

/* Begin PBXGroup section */
		341BD2CA2A09DDFC007B6474 /* Core */ = {
			isa = PBXGroup;
			children = (
				341BD2CB2A09DE26007B6474 /* Preferences.swift */,
				341BD2CE2A09DE26007B6474 /* Server.swift */,
				341BD2CD2A09DE26007B6474 /* API.swift */,
				341BD2DA2A0A252F007B6474 /* ASNetworking+Combine.swift */,
				341BD2CC2A09DE26007B6474 /* TopAppsModel.swift */,
			);
			path = Core;
			sourceTree = "<group>";
		};
		34A4769B2858CA350023D30B = {
			isa = PBXGroup;
			children = (
				341BD2CA2A09DDFC007B6474 /* Core */,
				34A476A62858CA350023D30B /* TopApps */,
				34A476B72858CA370023D30B /* TopAppsTests */,
				34A476C12858CA370023D30B /* TopAppsUITests */,
				34A476A52858CA350023D30B /* Products */,
			);
			sourceTree = "<group>";
		};
		34A476A52858CA350023D30B /* Products */ = {
			isa = PBXGroup;
			children = (
				34A476A42858CA350023D30B /* TopApps.app */,
				34A476B42858CA370023D30B /* TopAppsTests.xctest */,
				34A476BE2858CA370023D30B /* TopAppsUITests.xctest */,
			);
			name = Products;
			sourceTree = "<group>";
		};
		34A476A62858CA350023D30B /* TopApps */ = {
			isa = PBXGroup;
			children = (
				34A476A72858CA350023D30B /* TopAppsApp.swift */,
				34A476A92858CA350023D30B /* ContentView.swift */,
				341BD2C32A09DBBE007B6474 /* AppListView.swift */,
				341BD2D82A0A21D4007B6474 /* AppListViewModel.swift */,
				341BD2E12A0A4664007B6474 /* AppListCell.swift */,
				341BD2C52A09DBEC007B6474 /* AppDetailView.swift */,
				34A476AB2858CA370023D30B /* Assets.xcassets */,
				34A476AD2858CA370023D30B /* Preview Content */,
			);
			path = TopApps;
			sourceTree = "<group>";
		};
		34A476AD2858CA370023D30B /* Preview Content */ = {
			isa = PBXGroup;
			children = (
				34A476AE2858CA370023D30B /* Preview Assets.xcassets */,
			);
			path = "Preview Content";
			sourceTree = "<group>";
		};
		34A476B72858CA370023D30B /* TopAppsTests */ = {
			isa = PBXGroup;
			children = (
				34A476B82858CA370023D30B /* TopAppsTests.swift */,
			);
			path = TopAppsTests;
			sourceTree = "<group>";
		};
		34A476C12858CA370023D30B /* TopAppsUITests */ = {
			isa = PBXGroup;
			children = (
				34A476C22858CA370023D30B /* TopAppsUITests.swift */,
				34A476C42858CA370023D30B /* TopAppsUITestsLaunchTests.swift */,
			);
			path = TopAppsUITests;
			sourceTree = "<group>";
		};
/* End PBXGroup section */

/* Begin PBXNativeTarget section */
		34A476A32858CA350023D30B /* TopApps */ = {
			isa = PBXNativeTarget;
			buildConfigurationList = 34A476C82858CA370023D30B /* Build configuration list for PBXNativeTarget "TopApps" */;
			buildPhases = (
				34A476A02858CA350023D30B /* Sources */,
				34A476A12858CA350023D30B /* Frameworks */,
				34A476A22858CA350023D30B /* Resources */,
			);
			buildRules = (
			);
			dependencies = (
			);
			name = TopApps;
			packageProductDependencies = (
				341BD2C82A09DDE4007B6474 /* ASNetworking */,
				340BFAC72A0E367B00BAD4CB /* Kingfisher */,
			);
			productName = TopApps;
			productReference = 34A476A42858CA350023D30B /* TopApps.app */;
			productType = "com.apple.product-type.application";
		};
		34A476B32858CA370023D30B /* TopAppsTests */ = {
			isa = PBXNativeTarget;
			buildConfigurationList = 34A476CB2858CA370023D30B /* Build configuration list for PBXNativeTarget "TopAppsTests" */;
			buildPhases = (
				34A476B02858CA370023D30B /* Sources */,
				34A476B12858CA370023D30B /* Frameworks */,
				34A476B22858CA370023D30B /* Resources */,
			);
			buildRules = (
			);
			dependencies = (
				34A476B62858CA370023D30B /* PBXTargetDependency */,
			);
			name = TopAppsTests;
			productName = TopAppsTests;
			productReference = 34A476B42858CA370023D30B /* TopAppsTests.xctest */;
			productType = "com.apple.product-type.bundle.unit-test";
		};
		34A476BD2858CA370023D30B /* TopAppsUITests */ = {
			isa = PBXNativeTarget;
			buildConfigurationList = 34A476CE2858CA370023D30B /* Build configuration list for PBXNativeTarget "TopAppsUITests" */;
			buildPhases = (
				34A476BA2858CA370023D30B /* Sources */,
				34A476BB2858CA370023D30B /* Frameworks */,
				34A476BC2858CA370023D30B /* Resources */,
			);
			buildRules = (
			);
			dependencies = (
				34A476C02858CA370023D30B /* PBXTargetDependency */,
			);
			name = TopAppsUITests;
			productName = TopAppsUITests;
			productReference = 34A476BE2858CA370023D30B /* TopAppsUITests.xctest */;
			productType = "com.apple.product-type.bundle.ui-testing";
		};
/* End PBXNativeTarget section */

/* Begin PBXProject section */
		34A4769C2858CA350023D30B /* Project object */ = {
			isa = PBXProject;
			attributes = {
				BuildIndependentTargetsInParallel = 1;
				LastSwiftUpdateCheck = 1340;
				LastUpgradeCheck = 1340;
				TargetAttributes = {
					34A476A32858CA350023D30B = {
						CreatedOnToolsVersion = 13.4.1;
					};
					34A476B32858CA370023D30B = {
						CreatedOnToolsVersion = 13.4.1;
						TestTargetID = 34A476A32858CA350023D30B;
					};
					34A476BD2858CA370023D30B = {
						CreatedOnToolsVersion = 13.4.1;
						TestTargetID = 34A476A32858CA350023D30B;
					};
				};
			};
			buildConfigurationList = 34A4769F2858CA350023D30B /* Build configuration list for PBXProject "TopApps" */;
			compatibilityVersion = "Xcode 13.0";
			developmentRegion = en;
			hasScannedForEncodings = 0;
			knownRegions = (
				en,
				Base,
			);
			mainGroup = 34A4769B2858CA350023D30B;
			packageReferences = (
				341BD2C72A09DDE4007B6474 /* XCRemoteSwiftPackageReference "ASNetworking" */,
				340BFAC62A0E367B00BAD4CB /* XCRemoteSwiftPackageReference "Kingfisher" */,
			);
			productRefGroup = 34A476A52858CA350023D30B /* Products */;
			projectDirPath = "";
			projectRoot = "";
			targets = (
				34A476A32858CA350023D30B /* TopApps */,
				34A476B32858CA370023D30B /* TopAppsTests */,
				34A476BD2858CA370023D30B /* TopAppsUITests */,
			);
		};
/* End PBXProject section */

/* Begin PBXResourcesBuildPhase section */
		34A476A22858CA350023D30B /* Resources */ = {
			isa = PBXResourcesBuildPhase;
			buildActionMask = 2147483647;
			files = (
				34A476AF2858CA370023D30B /* Preview Assets.xcassets in Resources */,
				34A476AC2858CA370023D30B /* Assets.xcassets in Resources */,
			);
			runOnlyForDeploymentPostprocessing = 0;
		};
		34A476B22858CA370023D30B /* Resources */ = {
			isa = PBXResourcesBuildPhase;
			buildActionMask = 2147483647;
			files = (
			);
			runOnlyForDeploymentPostprocessing = 0;
		};
		34A476BC2858CA370023D30B /* Resources */ = {
			isa = PBXResourcesBuildPhase;
			buildActionMask = 2147483647;
			files = (
			);
			runOnlyForDeploymentPostprocessing = 0;
		};
/* End PBXResourcesBuildPhase section */

/* Begin PBXSourcesBuildPhase section */
		34A476A02858CA350023D30B /* Sources */ = {
			isa = PBXSourcesBuildPhase;
			buildActionMask = 2147483647;
			files = (
				34A476AA2858CA350023D30B /* ContentView.swift in Sources */,
				341BD2DB2A0A252F007B6474 /* ASNetworking+Combine.swift in Sources */,
				341BD2C62A09DBEC007B6474 /* AppDetailView.swift in Sources */,
				341BD2CF2A09DE26007B6474 /* Preferences.swift in Sources */,
				34A476A82858CA350023D30B /* TopAppsApp.swift in Sources */,
				341BD2D02A09DE26007B6474 /* TopAppsModel.swift in Sources */,
				341BD2C42A09DBBE007B6474 /* AppListView.swift in Sources */,
				341BD2D92A0A21D4007B6474 /* AppListViewModel.swift in Sources */,
				341BD2D22A09DE26007B6474 /* Server.swift in Sources */,
				341BD2E22A0A4664007B6474 /* AppListCell.swift in Sources */,
				341BD2D12A09DE26007B6474 /* API.swift in Sources */,
			);
			runOnlyForDeploymentPostprocessing = 0;
		};
		34A476B02858CA370023D30B /* Sources */ = {
			isa = PBXSourcesBuildPhase;
			buildActionMask = 2147483647;
			files = (
				34A476B92858CA370023D30B /* TopAppsTests.swift in Sources */,
			);
			runOnlyForDeploymentPostprocessing = 0;
		};
		34A476BA2858CA370023D30B /* Sources */ = {
			isa = PBXSourcesBuildPhase;
			buildActionMask = 2147483647;
			files = (
				34A476C52858CA370023D30B /* TopAppsUITestsLaunchTests.swift in Sources */,
				34A476C32858CA370023D30B /* TopAppsUITests.swift in Sources */,
			);
			runOnlyForDeploymentPostprocessing = 0;
		};
/* End PBXSourcesBuildPhase section */

/* Begin PBXTargetDependency section */
		34A476B62858CA370023D30B /* PBXTargetDependency */ = {
			isa = PBXTargetDependency;
			target = 34A476A32858CA350023D30B /* TopApps */;
			targetProxy = 34A476B52858CA370023D30B /* PBXContainerItemProxy */;
		};
		34A476C02858CA370023D30B /* PBXTargetDependency */ = {
			isa = PBXTargetDependency;
			target = 34A476A32858CA350023D30B /* TopApps */;
			targetProxy = 34A476BF2858CA370023D30B /* PBXContainerItemProxy */;
		};
/* End PBXTargetDependency section */

/* Begin XCBuildConfiguration section */
		34A476C62858CA370023D30B /* Debug */ = {
			isa = XCBuildConfiguration;
			buildSettings = {
				ALWAYS_SEARCH_USER_PATHS = NO;
				CLANG_ANALYZER_NONNULL = YES;
				CLANG_ANALYZER_NUMBER_OBJECT_CONVERSION = YES_AGGRESSIVE;
				CLANG_CXX_LANGUAGE_STANDARD = "gnu++17";
				CLANG_ENABLE_MODULES = YES;
				CLANG_ENABLE_OBJC_ARC = YES;
				CLANG_ENABLE_OBJC_WEAK = YES;
				CLANG_WARN_BLOCK_CAPTURE_AUTORELEASING = YES;
				CLANG_WARN_BOOL_CONVERSION = YES;
				CLANG_WARN_COMMA = YES;
				CLANG_WARN_CONSTANT_CONVERSION = YES;
				CLANG_WARN_DEPRECATED_OBJC_IMPLEMENTATIONS = YES;
				CLANG_WARN_DIRECT_OBJC_ISA_USAGE = YES_ERROR;
				CLANG_WARN_DOCUMENTATION_COMMENTS = YES;
				CLANG_WARN_EMPTY_BODY = YES;
				CLANG_WARN_ENUM_CONVERSION = YES;
				CLANG_WARN_INFINITE_RECURSION = YES;
				CLANG_WARN_INT_CONVERSION = YES;
				CLANG_WARN_NON_LITERAL_NULL_CONVERSION = YES;
				CLANG_WARN_OBJC_IMPLICIT_RETAIN_SELF = YES;
				CLANG_WARN_OBJC_LITERAL_CONVERSION = YES;
				CLANG_WARN_OBJC_ROOT_CLASS = YES_ERROR;
				CLANG_WARN_QUOTED_INCLUDE_IN_FRAMEWORK_HEADER = YES;
				CLANG_WARN_RANGE_LOOP_ANALYSIS = YES;
				CLANG_WARN_STRICT_PROTOTYPES = YES;
				CLANG_WARN_SUSPICIOUS_MOVE = YES;
				CLANG_WARN_UNGUARDED_AVAILABILITY = YES_AGGRESSIVE;
				CLANG_WARN_UNREACHABLE_CODE = YES;
				CLANG_WARN__DUPLICATE_METHOD_MATCH = YES;
				COPY_PHASE_STRIP = NO;
				DEBUG_INFORMATION_FORMAT = dwarf;
				ENABLE_STRICT_OBJC_MSGSEND = YES;
				ENABLE_TESTABILITY = YES;
				GCC_C_LANGUAGE_STANDARD = gnu11;
				GCC_DYNAMIC_NO_PIC = NO;
				GCC_NO_COMMON_BLOCKS = YES;
				GCC_OPTIMIZATION_LEVEL = 0;
				GCC_PREPROCESSOR_DEFINITIONS = (
					"DEBUG=1",
					"$(inherited)",
				);
				GCC_WARN_64_TO_32_BIT_CONVERSION = YES;
				GCC_WARN_ABOUT_RETURN_TYPE = YES_ERROR;
				GCC_WARN_UNDECLARED_SELECTOR = YES;
				GCC_WARN_UNINITIALIZED_AUTOS = YES_AGGRESSIVE;
				GCC_WARN_UNUSED_FUNCTION = YES;
				GCC_WARN_UNUSED_VARIABLE = YES;
				IPHONEOS_DEPLOYMENT_TARGET = 15.5;
				MTL_ENABLE_DEBUG_INFO = INCLUDE_SOURCE;
				MTL_FAST_MATH = YES;
				ONLY_ACTIVE_ARCH = YES;
				SDKROOT = iphoneos;
				SWIFT_ACTIVE_COMPILATION_CONDITIONS = DEBUG;
				SWIFT_OPTIMIZATION_LEVEL = "-Onone";
			};
			name = Debug;
		};
		34A476C72858CA370023D30B /* Release */ = {
			isa = XCBuildConfiguration;
			buildSettings = {
				ALWAYS_SEARCH_USER_PATHS = NO;
				CLANG_ANALYZER_NONNULL = YES;
				CLANG_ANALYZER_NUMBER_OBJECT_CONVERSION = YES_AGGRESSIVE;
				CLANG_CXX_LANGUAGE_STANDARD = "gnu++17";
				CLANG_ENABLE_MODULES = YES;
				CLANG_ENABLE_OBJC_ARC = YES;
				CLANG_ENABLE_OBJC_WEAK = YES;
				CLANG_WARN_BLOCK_CAPTURE_AUTORELEASING = YES;
				CLANG_WARN_BOOL_CONVERSION = YES;
				CLANG_WARN_COMMA = YES;
				CLANG_WARN_CONSTANT_CONVERSION = YES;
				CLANG_WARN_DEPRECATED_OBJC_IMPLEMENTATIONS = YES;
				CLANG_WARN_DIRECT_OBJC_ISA_USAGE = YES_ERROR;
				CLANG_WARN_DOCUMENTATION_COMMENTS = YES;
				CLANG_WARN_EMPTY_BODY = YES;
				CLANG_WARN_ENUM_CONVERSION = YES;
				CLANG_WARN_INFINITE_RECURSION = YES;
				CLANG_WARN_INT_CONVERSION = YES;
				CLANG_WARN_NON_LITERAL_NULL_CONVERSION = YES;
				CLANG_WARN_OBJC_IMPLICIT_RETAIN_SELF = YES;
				CLANG_WARN_OBJC_LITERAL_CONVERSION = YES;
				CLANG_WARN_OBJC_ROOT_CLASS = YES_ERROR;
				CLANG_WARN_QUOTED_INCLUDE_IN_FRAMEWORK_HEADER = YES;
				CLANG_WARN_RANGE_LOOP_ANALYSIS = YES;
				CLANG_WARN_STRICT_PROTOTYPES = YES;
				CLANG_WARN_SUSPICIOUS_MOVE = YES;
				CLANG_WARN_UNGUARDED_AVAILABILITY = YES_AGGRESSIVE;
				CLANG_WARN_UNREACHABLE_CODE = YES;
				CLANG_WARN__DUPLICATE_METHOD_MATCH = YES;
				COPY_PHASE_STRIP = NO;
				DEBUG_INFORMATION_FORMAT = "dwarf-with-dsym";
				ENABLE_NS_ASSERTIONS = NO;
				ENABLE_STRICT_OBJC_MSGSEND = YES;
				GCC_C_LANGUAGE_STANDARD = gnu11;
				GCC_NO_COMMON_BLOCKS = YES;
				GCC_WARN_64_TO_32_BIT_CONVERSION = YES;
				GCC_WARN_ABOUT_RETURN_TYPE = YES_ERROR;
				GCC_WARN_UNDECLARED_SELECTOR = YES;
				GCC_WARN_UNINITIALIZED_AUTOS = YES_AGGRESSIVE;
				GCC_WARN_UNUSED_FUNCTION = YES;
				GCC_WARN_UNUSED_VARIABLE = YES;
				IPHONEOS_DEPLOYMENT_TARGET = 15.5;
				MTL_ENABLE_DEBUG_INFO = NO;
				MTL_FAST_MATH = YES;
				SDKROOT = iphoneos;
				SWIFT_COMPILATION_MODE = wholemodule;
				SWIFT_OPTIMIZATION_LEVEL = "-O";
				VALIDATE_PRODUCT = YES;
			};
			name = Release;
		};
		34A476C92858CA370023D30B /* Debug */ = {
			isa = XCBuildConfiguration;
			buildSettings = {
				ASSETCATALOG_COMPILER_APPICON_NAME = AppIcon;
				ASSETCATALOG_COMPILER_GLOBAL_ACCENT_COLOR_NAME = AccentColor;
				CODE_SIGN_STYLE = Automatic;
				CURRENT_PROJECT_VERSION = 1;
				DEVELOPMENT_ASSET_PATHS = "\"TopApps/Preview Content\"";
				DEVELOPMENT_TEAM = MKWJJUWWBB;
				ENABLE_PREVIEWS = YES;
				GENERATE_INFOPLIST_FILE = YES;
				INFOPLIST_KEY_UIApplicationSceneManifest_Generation = YES;
				INFOPLIST_KEY_UIApplicationSupportsIndirectInputEvents = YES;
				INFOPLIST_KEY_UILaunchScreen_Generation = YES;
				INFOPLIST_KEY_UISupportedInterfaceOrientations_iPad = "UIInterfaceOrientationPortrait UIInterfaceOrientationPortraitUpsideDown UIInterfaceOrientationLandscapeLeft UIInterfaceOrientationLandscapeRight";
				INFOPLIST_KEY_UISupportedInterfaceOrientations_iPhone = "UIInterfaceOrientationPortrait UIInterfaceOrientationLandscapeLeft UIInterfaceOrientationLandscapeRight";
				IPHONEOS_DEPLOYMENT_TARGET = 16.0;
				LD_RUNPATH_SEARCH_PATHS = (
					"$(inherited)",
					"@executable_path/Frameworks",
				);
				MARKETING_VERSION = 1.0.0;
				PRODUCT_BUNDLE_IDENTIFIER = com.appspia.TopApps.swiftUI;
				PRODUCT_NAME = "$(TARGET_NAME)";
				SWIFT_EMIT_LOC_STRINGS = YES;
				SWIFT_VERSION = 5.0;
				TARGETED_DEVICE_FAMILY = "1,2";
			};
			name = Debug;
		};
		34A476CA2858CA370023D30B /* Release */ = {
			isa = XCBuildConfiguration;
			buildSettings = {
				ASSETCATALOG_COMPILER_APPICON_NAME = AppIcon;
				ASSETCATALOG_COMPILER_GLOBAL_ACCENT_COLOR_NAME = AccentColor;
				CODE_SIGN_STYLE = Automatic;
				CURRENT_PROJECT_VERSION = 1;
				DEVELOPMENT_ASSET_PATHS = "\"TopApps/Preview Content\"";
				DEVELOPMENT_TEAM = MKWJJUWWBB;
				ENABLE_PREVIEWS = YES;
				GENERATE_INFOPLIST_FILE = YES;
				INFOPLIST_KEY_UIApplicationSceneManifest_Generation = YES;
				INFOPLIST_KEY_UIApplicationSupportsIndirectInputEvents = YES;
				INFOPLIST_KEY_UILaunchScreen_Generation = YES;
				INFOPLIST_KEY_UISupportedInterfaceOrientations_iPad = "UIInterfaceOrientationPortrait UIInterfaceOrientationPortraitUpsideDown UIInterfaceOrientationLandscapeLeft UIInterfaceOrientationLandscapeRight";
				INFOPLIST_KEY_UISupportedInterfaceOrientations_iPhone = "UIInterfaceOrientationPortrait UIInterfaceOrientationLandscapeLeft UIInterfaceOrientationLandscapeRight";
				IPHONEOS_DEPLOYMENT_TARGET = 16.0;
				LD_RUNPATH_SEARCH_PATHS = (
					"$(inherited)",
					"@executable_path/Frameworks",
				);
				MARKETING_VERSION = 1.0.0;
				PRODUCT_BUNDLE_IDENTIFIER = com.appspia.TopApps.swiftUI;
				PRODUCT_NAME = "$(TARGET_NAME)";
				SWIFT_EMIT_LOC_STRINGS = YES;
				SWIFT_VERSION = 5.0;
				TARGETED_DEVICE_FAMILY = "1,2";
			};
			name = Release;
		};
		34A476CC2858CA370023D30B /* Debug */ = {
			isa = XCBuildConfiguration;
			buildSettings = {
				ALWAYS_EMBED_SWIFT_STANDARD_LIBRARIES = YES;
				BUNDLE_LOADER = "$(TEST_HOST)";
				CODE_SIGN_STYLE = Automatic;
				CURRENT_PROJECT_VERSION = 1;
				DEVELOPMENT_TEAM = MKWJJUWWBB;
				GENERATE_INFOPLIST_FILE = YES;
				IPHONEOS_DEPLOYMENT_TARGET = 15.5;
				MARKETING_VERSION = 1.0;
				PRODUCT_BUNDLE_IDENTIFIER = com.appspia.TopAppsTests;
				PRODUCT_NAME = "$(TARGET_NAME)";
				SWIFT_EMIT_LOC_STRINGS = NO;
				SWIFT_VERSION = 5.0;
				TARGETED_DEVICE_FAMILY = "1,2";
				TEST_HOST = "$(BUILT_PRODUCTS_DIR)/TopApps.app/TopApps";
			};
			name = Debug;
		};
		34A476CD2858CA370023D30B /* Release */ = {
			isa = XCBuildConfiguration;
			buildSettings = {
				ALWAYS_EMBED_SWIFT_STANDARD_LIBRARIES = YES;
				BUNDLE_LOADER = "$(TEST_HOST)";
				CODE_SIGN_STYLE = Automatic;
				CURRENT_PROJECT_VERSION = 1;
				DEVELOPMENT_TEAM = MKWJJUWWBB;
				GENERATE_INFOPLIST_FILE = YES;
				IPHONEOS_DEPLOYMENT_TARGET = 15.5;
				MARKETING_VERSION = 1.0;
				PRODUCT_BUNDLE_IDENTIFIER = com.appspia.TopAppsTests;
				PRODUCT_NAME = "$(TARGET_NAME)";
				SWIFT_EMIT_LOC_STRINGS = NO;
				SWIFT_VERSION = 5.0;
				TARGETED_DEVICE_FAMILY = "1,2";
				TEST_HOST = "$(BUILT_PRODUCTS_DIR)/TopApps.app/TopApps";
			};
			name = Release;
		};
		34A476CF2858CA370023D30B /* Debug */ = {
			isa = XCBuildConfiguration;
			buildSettings = {
				ALWAYS_EMBED_SWIFT_STANDARD_LIBRARIES = YES;
				CODE_SIGN_STYLE = Automatic;
				CURRENT_PROJECT_VERSION = 1;
				DEVELOPMENT_TEAM = MKWJJUWWBB;
				GENERATE_INFOPLIST_FILE = YES;
				MARKETING_VERSION = 1.0;
				PRODUCT_BUNDLE_IDENTIFIER = com.appspia.TopAppsUITests;
				PRODUCT_NAME = "$(TARGET_NAME)";
				SWIFT_EMIT_LOC_STRINGS = NO;
				SWIFT_VERSION = 5.0;
				TARGETED_DEVICE_FAMILY = "1,2";
				TEST_TARGET_NAME = TopApps;
			};
			name = Debug;
		};
		34A476D02858CA370023D30B /* Release */ = {
			isa = XCBuildConfiguration;
			buildSettings = {
				ALWAYS_EMBED_SWIFT_STANDARD_LIBRARIES = YES;
				CODE_SIGN_STYLE = Automatic;
				CURRENT_PROJECT_VERSION = 1;
				DEVELOPMENT_TEAM = MKWJJUWWBB;
				GENERATE_INFOPLIST_FILE = YES;
				MARKETING_VERSION = 1.0;
				PRODUCT_BUNDLE_IDENTIFIER = com.appspia.TopAppsUITests;
				PRODUCT_NAME = "$(TARGET_NAME)";
				SWIFT_EMIT_LOC_STRINGS = NO;
				SWIFT_VERSION = 5.0;
				TARGETED_DEVICE_FAMILY = "1,2";
				TEST_TARGET_NAME = TopApps;
			};
			name = Release;
		};
/* End XCBuildConfiguration section */

/* Begin XCConfigurationList section */
		34A4769F2858CA350023D30B /* Build configuration list for PBXProject "TopApps" */ = {
			isa = XCConfigurationList;
			buildConfigurations = (
				34A476C62858CA370023D30B /* Debug */,
				34A476C72858CA370023D30B /* Release */,
			);
			defaultConfigurationIsVisible = 0;
			defaultConfigurationName = Release;
		};
		34A476C82858CA370023D30B /* Build configuration list for PBXNativeTarget "TopApps" */ = {
			isa = XCConfigurationList;
			buildConfigurations = (
				34A476C92858CA370023D30B /* Debug */,
				34A476CA2858CA370023D30B /* Release */,
			);
			defaultConfigurationIsVisible = 0;
			defaultConfigurationName = Release;
		};
		34A476CB2858CA370023D30B /* Build configuration list for PBXNativeTarget "TopAppsTests" */ = {
			isa = XCConfigurationList;
			buildConfigurations = (
				34A476CC2858CA370023D30B /* Debug */,
				34A476CD2858CA370023D30B /* Release */,
			);
			defaultConfigurationIsVisible = 0;
			defaultConfigurationName = Release;
		};
		34A476CE2858CA370023D30B /* Build configuration list for PBXNativeTarget "TopAppsUITests" */ = {
			isa = XCConfigurationList;
			buildConfigurations = (
				34A476CF2858CA370023D30B /* Debug */,
				34A476D02858CA370023D30B /* Release */,
			);
			defaultConfigurationIsVisible = 0;
			defaultConfigurationName = Release;
		};
/* End XCConfigurationList section */

/* Begin XCRemoteSwiftPackageReference section */
		340BFAC62A0E367B00BAD4CB /* XCRemoteSwiftPackageReference "Kingfisher" */ = {
			isa = XCRemoteSwiftPackageReference;
			repositoryURL = "https://github.com/onevcat/Kingfisher";
			requirement = {
				kind = upToNextMajorVersion;
				minimumVersion = 7.0.0;
			};
		};
		341BD2C72A09DDE4007B6474 /* XCRemoteSwiftPackageReference "ASNetworking" */ = {
			isa = XCRemoteSwiftPackageReference;
			repositoryURL = "https://github.com/Appspia/ASNetworking";
			requirement = {
				kind = upToNextMajorVersion;
				minimumVersion = 1.0.0;
			};
		};
/* End XCRemoteSwiftPackageReference section */

/* Begin XCSwiftPackageProductDependency section */
		340BFAC72A0E367B00BAD4CB /* Kingfisher */ = {
			isa = XCSwiftPackageProductDependency;
			package = 340BFAC62A0E367B00BAD4CB /* XCRemoteSwiftPackageReference "Kingfisher" */;
			productName = Kingfisher;
		};
		341BD2C82A09DDE4007B6474 /* ASNetworking */ = {
			isa = XCSwiftPackageProductDependency;
			package = 341BD2C72A09DDE4007B6474 /* XCRemoteSwiftPackageReference "ASNetworking" */;
			productName = ASNetworking;
		};
/* End XCSwiftPackageProductDependency section */
	};
	rootObject = 34A4769C2858CA350023D30B /* Project object */;
}
